
Microsoft Visual Studio Solution File, Format Version 12.00
# Visual Studio 15
Project("{FAE04EC0-301F-11D3-BF4B-00C04F79EFBC}") = "MyDailies", "MyDailies.csproj", "{A474B0E3-CC3B-4C22-A2F2-189C0DF39EA2}"
EndProject
Global
	GlobalSection(SolutionConfigurationPlatforms) = preSolution
		Debug|Any CPU = Debug|Any CPU
		Release|Any CPU = Release|Any CPU
	EndGlobalSection
	GlobalSection(ProjectConfigurationPlatforms) = postSolution
		{A474B0E3-CC3B-4C22-A2F2-189C0DF39EA2}.Debug|Any CPU.ActiveCfg = Debug|Any CPU
		{A474B0E3-CC3B-4C22-A2F2-189C0DF39EA2}.Debug|Any CPU.Build.0 = Debug|Any CPU
		{A474B0E3-CC3B-4C22-A2F2-189C0DF39EA2}.Release|Any CPU.ActiveCfg = Release|Any CPU
		{A474B0E3-CC3B-4C22-A2F2-189C0DF39EA2}.Release|Any CPU.Build.0 = Release|Any CPU
	EndGlobalSection
EndGlobal
